
Microsoft Visual Studio Solution File, Format Version 12.00
# Visual Studio 14
VisualStudioVersion = 14.0.25420.1
MinimumVisualStudioVersion = 10.0.40219.1
Project("{2150E333-8FDC-42A3-9474-1A3956D46DE8}") = "src", "src", "{97E28DB5-55D2-44D1-A43C-915E34837B2A}"
EndProject
Project("{2150E333-8FDC-42A3-9474-1A3956D46DE8}") = "Solution Items", "Solution Items", "{3F158CFA-CE44-42DE-A254-9B954128EB7F}"
	ProjectSection(SolutionItems) = preProject
		global.json = global.json
	EndProjectSection
EndProject
Project("{8BB2217D-0F2D-49D1-97BC-3654ED321F3B}") = "CoreWebAPIAndAngular", "src\CoreWebAPIAndAngular\CoreWebAPIAndAngular.xproj", "{4CDB1BFF-091A-46A5-ABFC-C627D1B7E2F6}"
EndProject
Global
	GlobalSection(SolutionConfigurationPlatforms) = preSolution
		Debug|Any CPU = Debug|Any CPU
		Release|Any CPU = Release|Any CPU
	EndGlobalSection
	GlobalSection(ProjectConfigurationPlatforms) = postSolution
		{4CDB1BFF-091A-46A5-ABFC-C627D1B7E2F6}.Debug|Any CPU.ActiveCfg = Debug|Any CPU
		{4CDB1BFF-091A-46A5-ABFC-C627D1B7E2F6}.Debug|Any CPU.Build.0 = Debug|Any CPU
		{4CDB1BFF-091A-46A5-ABFC-C627D1B7E2F6}.Release|Any CPU.ActiveCfg = Release|Any CPU
		{4CDB1BFF-091A-46A5-ABFC-C627D1B7E2F6}.Release|Any CPU.Build.0 = Release|Any CPU
	EndGlobalSection
	GlobalSection(SolutionProperties) = preSolution
		HideSolutionNode = FALSE
	EndGlobalSection
	GlobalSection(NestedProjects) = preSolution
		{4CDB1BFF-091A-46A5-ABFC-C627D1B7E2F6} = {97E28DB5-55D2-44D1-A43C-915E34837B2A}
	EndGlobalSection
EndGlobal
